# @generated by Move, please check-in and do not edit manually.

[move]
version = 2
manifest_digest = "129105FB762CD2EDADE1650B0A334DBC20682EE6671A74037F2299E1FEC69C07"
deps_digest = "F8BBB0CCB2491CA29A3DF03D6F92277A4F3574266507ACD77214D37ECA3F3082"
dependencies = [
  { name = "Sui" },
]

[[move.package]]
name = "MoveStdlib"
source = { local = "D:\\suix\\crates\\sui-framework\\packages\\move-stdlib" }

[[move.package]]
name = "Sui"
source = { local = "D:\\suix\\crates\\sui-framework\\packages\\sui-framework" }

dependencies = [
  { name = "MoveStdlib" },
]

[move.toolchain-version]
compiler-version = "1.32.0"
edition = "2024.beta"
flavor = "sui"

[env]

[env.devnet]
chain-id = "814c79df"
original-published-id = "0xa685bf75db6167bce1ebc63370be807d38a73bf9209af893e7f13839487f341d"
latest-published-id = "0xa685bf75db6167bce1ebc63370be807d38a73bf9209af893e7f13839487f341d"
published-version = "1"
