# @generated by Move, please check-in and do not edit manually.

[move]
version = 2
manifest_digest = "F084B6C57DAF0D1567B2F11A45A7B889D2BF599CC77C453F329DAB19E418657F"
deps_digest = "F8BBB0CCB2491CA29A3DF03D6F92277A4F3574266507ACD77214D37ECA3F3082"
dependencies = [
  { name = "Sui" },
]

[[move.package]]
name = "MoveStdlib"
source = { local = "D:\\suix\\crates\\sui-framework\\packages\\move-stdlib" }

[[move.package]]
name = "Sui"
source = { local = "D:\\suix\\crates\\sui-framework\\packages\\sui-framework" }

dependencies = [
  { name = "MoveStdlib" },
]

[move.toolchain-version]
compiler-version = "1.30.1"
edition = "2024.beta"
flavor = "sui"

[env]

[env.devnet]
chain-id = "2c075563"
original-published-id = "0xf495da22740f7262fb98688677ddcd8ddd3831d998daa9868089cd9ac5225e7e"
latest-published-id = "0xf495da22740f7262fb98688677ddcd8ddd3831d998daa9868089cd9ac5225e7e"
published-version = "1"
